
Microsoft Visual Studio Solution File, Format Version 12.00
# Visual Studio Version 17
VisualStudioVersion = 17.8.34330.188
MinimumVisualStudioVersion = 10.0.40219.1
Project("{FAE04EC0-301F-11D3-BF4B-00C04F79EFBC}") = "ApiMascate", "ApiMascate.csproj", "{194B909B-D79F-4309-9576-7772DB6910BA}"
EndProject
Global
	GlobalSection(SolutionConfigurationPlatforms) = preSolution
		Debug|Any CPU = Debug|Any CPU
		Release|Any CPU = Release|Any CPU
	EndGlobalSection
	GlobalSection(ProjectConfigurationPlatforms) = postSolution
		{194B909B-D79F-4309-9576-7772DB6910BA}.Debug|Any CPU.ActiveCfg = Debug|Any CPU
		{194B909B-D79F-4309-9576-7772DB6910BA}.Debug|Any CPU.Build.0 = Debug|Any CPU
		{194B909B-D79F-4309-9576-7772DB6910BA}.Release|Any CPU.ActiveCfg = Release|Any CPU
		{194B909B-D79F-4309-9576-7772DB6910BA}.Release|Any CPU.Build.0 = Release|Any CPU
	EndGlobalSection
	GlobalSection(SolutionProperties) = preSolution
		HideSolutionNode = FALSE
	EndGlobalSection
	GlobalSection(ExtensibilityGlobals) = postSolution
		SolutionGuid = {7D1EFEF3-469D-4E8C-AAC1-81E09AEAE0F6}
	EndGlobalSection
EndGlobal
